
Microsoft Visual Studio Solution File, Format Version 12.00
# Visual Studio 14
VisualStudioVersion = 14.0.24720.0
MinimumVisualStudioVersion = 10.0.40219.1
Project("{FAE04EC0-301F-11D3-BF4B-00C04F79EFBC}") = "arrayLastIndexOfMethod", "arrayLastIndexOfMethod\arrayLastIndexOfMethod.csproj", "{EC49F50D-FBB9-4D1B-BD19-CF56C53ED547}"
EndProject
Global
	GlobalSection(SolutionConfigurationPlatforms) = preSolution
		Debug|Any CPU = Debug|Any CPU
		Release|Any CPU = Release|Any CPU
	EndGlobalSection
	GlobalSection(ProjectConfigurationPlatforms) = postSolution
		{EC49F50D-FBB9-4D1B-BD19-CF56C53ED547}.Debug|Any CPU.ActiveCfg = Debug|Any CPU
		{EC49F50D-FBB9-4D1B-BD19-CF56C53ED547}.Debug|Any CPU.Build.0 = Debug|Any CPU
		{EC49F50D-FBB9-4D1B-BD19-CF56C53ED547}.Release|Any CPU.ActiveCfg = Release|Any CPU
		{EC49F50D-FBB9-4D1B-BD19-CF56C53ED547}.Release|Any CPU.Build.0 = Release|Any CPU
	EndGlobalSection
	GlobalSection(SolutionProperties) = preSolution
		HideSolutionNode = FALSE
	EndGlobalSection
EndGlobal
